
Microsoft Visual Studio Solution File, Format Version 12.00
Project("{FAE04EC0-301F-11D3-BF4B-00C04F79EFBC}") = "KeyBox", "KeyBox.csproj", "{1C853035-39CF-4BE5-942D-A4687A183308}"
EndProject
Global
	GlobalSection(SolutionConfigurationPlatforms) = preSolution
		Debug|Any CPU = Debug|Any CPU
		Release|Any CPU = Release|Any CPU
	EndGlobalSection
	GlobalSection(ProjectConfigurationPlatforms) = postSolution
		{1C853035-39CF-4BE5-942D-A4687A183308}.Debug|Any CPU.ActiveCfg = Debug|Any CPU
		{1C853035-39CF-4BE5-942D-A4687A183308}.Debug|Any CPU.Build.0 = Debug|Any CPU
		{1C853035-39CF-4BE5-942D-A4687A183308}.Release|Any CPU.ActiveCfg = Release|Any CPU
		{1C853035-39CF-4BE5-942D-A4687A183308}.Release|Any CPU.Build.0 = Release|Any CPU
	EndGlobalSection
EndGlobal
